{
  "name": "hello-agent-server",
  "lockfileVersion": 3,
  "requires": true,
  "packages": {
    "": {
      "name": "hello-agent-server",
      "dependencies": {
        "@domount/shuttle": "file:/Users/nikatsutskiridze/work/loom/packages/shuttle"
      },
      "engines": {
        "node": ">=18"
      }
    },
    "../../../packages/shuttle": {
      "name": "@domount/shuttle",
      "version": "0.1.0",
      "dependencies": {
        "cors": "^2.8.5",
        "dotenv": "^16.4.7",
        "express": "^4.21.2"
      },
      "bin": {
        "shuttle-check-boundaries": "bin/check-boundaries.mjs",
        "shuttle-scaffold-api": "bin/scaffold-api.mjs",
        "shuttle-scaffold-feature": "bin/scaffold-feature.mjs",
        "shuttle-scaffold-skill": "bin/scaffold-skill.mjs",
        "shuttle-verify": "bin/verify.mjs"
      },
      "engines": {
        "node": ">=18"
      },
      "optionalDependencies": {
        "@cursor/sdk": "^0.1.0"
      },
      "peerDependencies": {
        "@eslint/js": "^9.0.0",
        "eslint": "^9.0.0",
        "eslint-plugin-react-hooks": "^5.0.0",
        "eslint-plugin-react-refresh": "^0.4.0",
        "globals": "^15.0.0",
        "typescript-eslint": "^8.0.0"
      },
      "peerDependenciesMeta": {
        "@eslint/js": {
          "optional": true
        },
        "eslint": {
          "optional": true
        },
        "eslint-plugin-react-hooks": {
          "optional": true
        },
        "eslint-plugin-react-refresh": {
          "optional": true
        },
        "globals": {
          "optional": true
        },
        "typescript-eslint": {
          "optional": true
        }
      }
    },
    "node_modules/@domount/shuttle": {
      "resolved": "../../../packages/shuttle",
      "link": true
    }
  }
}
